
Microsoft Visual Studio Solution File, Format Version 12.00
# Visual Studio Version 16
VisualStudioVersion = 16.0.29306.81
MinimumVisualStudioVersion = 10.0.40219.1
Project("{FAE04EC0-301F-11D3-BF4B-00C04F79EFBC}") = "Clean", "Clean\Clean.csproj", "{E8B61947-6B88-453D-85B3-FCA4DB20D264}"
EndProject
Global
	GlobalSection(SolutionConfigurationPlatforms) = preSolution
		Debug|Any CPU = Debug|Any CPU
		Release|Any CPU = Release|Any CPU
	EndGlobalSection
	GlobalSection(ProjectConfigurationPlatforms) = postSolution
		{E8B61947-6B88-453D-85B3-FCA4DB20D264}.Debug|Any CPU.ActiveCfg = Debug|Any CPU
		{E8B61947-6B88-453D-85B3-FCA4DB20D264}.Debug|Any CPU.Build.0 = Debug|Any CPU
		{E8B61947-6B88-453D-85B3-FCA4DB20D264}.Release|Any CPU.ActiveCfg = Release|Any CPU
		{E8B61947-6B88-453D-85B3-FCA4DB20D264}.Release|Any CPU.Build.0 = Release|Any CPU
	EndGlobalSection
	GlobalSection(SolutionProperties) = preSolution
		HideSolutionNode = FALSE
	EndGlobalSection
	GlobalSection(ExtensibilityGlobals) = postSolution
		SolutionGuid = {A3FF9E61-4BA1-40FE-85BC-9FBC22AFFE9D}
	EndGlobalSection
EndGlobal
