
Microsoft Visual Studio Solution File, Format Version 12.00
# Visual Studio 15
VisualStudioVersion = 15.0.28307.960
MinimumVisualStudioVersion = 10.0.40219.1
Project("{FAE04EC0-301F-11D3-BF4B-00C04F79EFBC}") = "WindowsService1", "WindowsService1\WindowsService1.csproj", "{FE1AEC70-18DE-4AA0-9A50-A188FD0AAD0A}"
EndProject
Global
	GlobalSection(SolutionConfigurationPlatforms) = preSolution
		Debug|Any CPU = Debug|Any CPU
		Release|Any CPU = Release|Any CPU
	EndGlobalSection
	GlobalSection(ProjectConfigurationPlatforms) = postSolution
		{FE1AEC70-18DE-4AA0-9A50-A188FD0AAD0A}.Debug|Any CPU.ActiveCfg = Debug|Any CPU
		{FE1AEC70-18DE-4AA0-9A50-A188FD0AAD0A}.Debug|Any CPU.Build.0 = Debug|Any CPU
		{FE1AEC70-18DE-4AA0-9A50-A188FD0AAD0A}.Release|Any CPU.ActiveCfg = Release|Any CPU
		{FE1AEC70-18DE-4AA0-9A50-A188FD0AAD0A}.Release|Any CPU.Build.0 = Release|Any CPU
	EndGlobalSection
	GlobalSection(SolutionProperties) = preSolution
		HideSolutionNode = FALSE
	EndGlobalSection
	GlobalSection(ExtensibilityGlobals) = postSolution
		SolutionGuid = {5DA4F3CA-88EC-4DF6-9635-01837ABE6401}
	EndGlobalSection
EndGlobal
