
Microsoft Visual Studio Solution File, Format Version 12.00
# Visual Studio Version 16
VisualStudioVersion = 16.0.29230.47
MinimumVisualStudioVersion = 10.0.40219.1
Project("{FAE04EC0-301F-11D3-BF4B-00C04F79EFBC}") = "Checker", "Checker\Checker.csproj", "{D7DC9D12-431E-40CD-936E-C054973D70AC}"
EndProject
Global
	GlobalSection(SolutionConfigurationPlatforms) = preSolution
		Debug|Any CPU = Debug|Any CPU
		Release|Any CPU = Release|Any CPU
	EndGlobalSection
	GlobalSection(ProjectConfigurationPlatforms) = postSolution
		{D7DC9D12-431E-40CD-936E-C054973D70AC}.Debug|Any CPU.ActiveCfg = Debug|Any CPU
		{D7DC9D12-431E-40CD-936E-C054973D70AC}.Debug|Any CPU.Build.0 = Debug|Any CPU
		{D7DC9D12-431E-40CD-936E-C054973D70AC}.Release|Any CPU.ActiveCfg = Release|Any CPU
		{D7DC9D12-431E-40CD-936E-C054973D70AC}.Release|Any CPU.Build.0 = Release|Any CPU
	EndGlobalSection
	GlobalSection(SolutionProperties) = preSolution
		HideSolutionNode = FALSE
	EndGlobalSection
	GlobalSection(ExtensibilityGlobals) = postSolution
		SolutionGuid = {B825BD6E-FDF2-4524-A810-15060C63065D}
	EndGlobalSection
EndGlobal
